
Microsoft Visual Studio Solution File, Format Version 12.00
# Visual Studio 14
VisualStudioVersion = 14.0.25420.1
MinimumVisualStudioVersion = 10.0.40219.1
Project("{FAE04EC0-301F-11D3-BF4B-00C04F79EFBC}") = "eSalex", "eSalex\eSalex.csproj", "{58CCDFE9-3563-43EA-A0D0-A190037C86AB}"
EndProject
Project("{FAE04EC0-301F-11D3-BF4B-00C04F79EFBC}") = "eSaleService", "eSaleService\eSaleService.csproj", "{68AFD5A3-E200-4664-AFB1-CBB4B99F5007}"
EndProject
Project("{FAE04EC0-301F-11D3-BF4B-00C04F79EFBC}") = "eSaleModel", "eSaleModel\eSaleModel.csproj", "{8B390C9C-85EC-4461-A1FB-830726EAB48C}"
EndProject
Project("{FAE04EC0-301F-11D3-BF4B-00C04F79EFBC}") = "eSaleDao", "eSaleDao\eSaleDao.csproj", "{CF5EB9C6-5C34-441B-A65E-DC36A5388DE3}"
EndProject
Global
	GlobalSection(SolutionConfigurationPlatforms) = preSolution
		Debug|Any CPU = Debug|Any CPU
		Release|Any CPU = Release|Any CPU
	EndGlobalSection
	GlobalSection(ProjectConfigurationPlatforms) = postSolution
		{58CCDFE9-3563-43EA-A0D0-A190037C86AB}.Debug|Any CPU.ActiveCfg = Debug|Any CPU
		{58CCDFE9-3563-43EA-A0D0-A190037C86AB}.Debug|Any CPU.Build.0 = Debug|Any CPU
		{58CCDFE9-3563-43EA-A0D0-A190037C86AB}.Release|Any CPU.ActiveCfg = Release|Any CPU
		{58CCDFE9-3563-43EA-A0D0-A190037C86AB}.Release|Any CPU.Build.0 = Release|Any CPU
		{68AFD5A3-E200-4664-AFB1-CBB4B99F5007}.Debug|Any CPU.ActiveCfg = Debug|Any CPU
		{68AFD5A3-E200-4664-AFB1-CBB4B99F5007}.Debug|Any CPU.Build.0 = Debug|Any CPU
		{68AFD5A3-E200-4664-AFB1-CBB4B99F5007}.Release|Any CPU.ActiveCfg = Release|Any CPU
		{68AFD5A3-E200-4664-AFB1-CBB4B99F5007}.Release|Any CPU.Build.0 = Release|Any CPU
		{8B390C9C-85EC-4461-A1FB-830726EAB48C}.Debug|Any CPU.ActiveCfg = Debug|Any CPU
		{8B390C9C-85EC-4461-A1FB-830726EAB48C}.Debug|Any CPU.Build.0 = Debug|Any CPU
		{8B390C9C-85EC-4461-A1FB-830726EAB48C}.Release|Any CPU.ActiveCfg = Release|Any CPU
		{8B390C9C-85EC-4461-A1FB-830726EAB48C}.Release|Any CPU.Build.0 = Release|Any CPU
		{CF5EB9C6-5C34-441B-A65E-DC36A5388DE3}.Debug|Any CPU.ActiveCfg = Debug|Any CPU
		{CF5EB9C6-5C34-441B-A65E-DC36A5388DE3}.Debug|Any CPU.Build.0 = Debug|Any CPU
		{CF5EB9C6-5C34-441B-A65E-DC36A5388DE3}.Release|Any CPU.ActiveCfg = Release|Any CPU
		{CF5EB9C6-5C34-441B-A65E-DC36A5388DE3}.Release|Any CPU.Build.0 = Release|Any CPU
	EndGlobalSection
	GlobalSection(SolutionProperties) = preSolution
		HideSolutionNode = FALSE
	EndGlobalSection
EndGlobal
